
Microsoft Visual Studio Solution File, Format Version 12.00
# Visual Studio Version 16
VisualStudioVersion = 16.0.32106.194
MinimumVisualStudioVersion = 10.0.40219.1
Project("{FAE04EC0-301F-11D3-BF4B-00C04F79EFBC}") = "PetWebApp", "PetWebApp.csproj", "{1EB422F3-42FC-48B2-BF6D-DBD10A648F51}"
EndProject
Global
	GlobalSection(SolutionConfigurationPlatforms) = preSolution
		Debug|Any CPU = Debug|Any CPU
		Release|Any CPU = Release|Any CPU
	EndGlobalSection
	GlobalSection(ProjectConfigurationPlatforms) = postSolution
		{1EB422F3-42FC-48B2-BF6D-DBD10A648F51}.Debug|Any CPU.ActiveCfg = Debug|Any CPU
		{1EB422F3-42FC-48B2-BF6D-DBD10A648F51}.Debug|Any CPU.Build.0 = Debug|Any CPU
		{1EB422F3-42FC-48B2-BF6D-DBD10A648F51}.Release|Any CPU.ActiveCfg = Release|Any CPU
		{1EB422F3-42FC-48B2-BF6D-DBD10A648F51}.Release|Any CPU.Build.0 = Release|Any CPU
	EndGlobalSection
	GlobalSection(SolutionProperties) = preSolution
		HideSolutionNode = FALSE
	EndGlobalSection
	GlobalSection(ExtensibilityGlobals) = postSolution
		SolutionGuid = {2DE45E1A-ECEC-422B-BC64-ED7CE783B529}
	EndGlobalSection
EndGlobal
